
Microsoft Visual Studio Solution File, Format Version 12.00
# Visual Studio 2017
Project("{FAE04EC0-301F-11D3-BF4B-00C04F79EFBC}") = "Snake3D", "Snake3D.csproj", "{802473A9-6DE3-D780-6CB4-06A90E2B5B94}"
EndProject
Project("{FAE04EC0-301F-11D3-BF4B-00C04F79EFBC}") = "Snake3D.Editor", "Snake3D.Editor.csproj", "{6A79EF31-4745-7983-6689-586F7619C694}"
EndProject
Global
	GlobalSection(SolutionConfigurationPlatforms) = preSolution
		Debug|Any CPU = Debug|Any CPU
		Release|Any CPU = Release|Any CPU
	EndGlobalSection
	GlobalSection(ProjectConfigurationPlatforms) = postSolution
		{802473A9-6DE3-D780-6CB4-06A90E2B5B94}.Debug|Any CPU.ActiveCfg = Debug|Any CPU
		{802473A9-6DE3-D780-6CB4-06A90E2B5B94}.Debug|Any CPU.Build.0 = Debug|Any CPU
		{802473A9-6DE3-D780-6CB4-06A90E2B5B94}.Release|Any CPU.ActiveCfg = Release|Any CPU
		{802473A9-6DE3-D780-6CB4-06A90E2B5B94}.Release|Any CPU.Build.0 = Release|Any CPU
		{6A79EF31-4745-7983-6689-586F7619C694}.Debug|Any CPU.ActiveCfg = Debug|Any CPU
		{6A79EF31-4745-7983-6689-586F7619C694}.Debug|Any CPU.Build.0 = Debug|Any CPU
		{6A79EF31-4745-7983-6689-586F7619C694}.Release|Any CPU.ActiveCfg = Release|Any CPU
		{6A79EF31-4745-7983-6689-586F7619C694}.Release|Any CPU.Build.0 = Release|Any CPU
	EndGlobalSection
	GlobalSection(SolutionProperties) = preSolution
		HideSolutionNode = FALSE
	EndGlobalSection
EndGlobal
